// !$*UTF8*$!
{
	archiveVersion = 1;
	classes = {
	};
	objectVersion = 46;
	objects = {

/* Begin PBXBuildFile section */
		49E377881CF96A14002F33BE /* AppDelegate.swift in Sources */ = {isa = PBXBuildFile; fileRef = 49E377871CF96A14002F33BE /* AppDelegate.swift */; };
		49E3778A1CF96A14002F33BE /* ViewController.swift in Sources */ = {isa = PBXBuildFile; fileRef = 49E377891CF96A14002F33BE /* ViewController.swift */; };
		49E3778D1CF96A14002F33BE /* Main.storyboard in Resources */ = {isa = PBXBuildFile; fileRef = 49E3778B1CF96A14002F33BE /* Main.storyboard */; };
		49E3778F1CF96A14002F33BE /* Assets.xcassets in Resources */ = {isa = PBXBuildFile; fileRef = 49E3778E1CF96A14002F33BE /* Assets.xcassets */; };
		49E3779D1CF96A15002F33BE /* test1Tests.swift in Sources */ = {isa = PBXBuildFile; fileRef = 49E3779C1CF96A15002F33BE /* test1Tests.swift */; };
		49E377A81CF96A15002F33BE /* test1UITests.swift in Sources */ = {isa = PBXBuildFile; fileRef = 49E377A71CF96A15002F33BE /* test1UITests.swift */; };
		49F5ADEF1CF97CA50038D206 /* img7.JPG in Resources */ = {isa = PBXBuildFile; fileRef = 49F5ADEE1CF97CA50038D206 /* img7.JPG */; };
		49F5ADF11CF97CE70038D206 /* img6.JPG in Resources */ = {isa = PBXBuildFile; fileRef = 49F5ADF01CF97CE70038D206 /* img6.JPG */; };
		49F5ADF31CF97CF20038D206 /* img5.JPG in Resources */ = {isa = PBXBuildFile; fileRef = 49F5ADF21CF97CF20038D206 /* img5.JPG */; };
		49F5ADF51CF97CFC0038D206 /* img4.JPG in Resources */ = {isa = PBXBuildFile; fileRef = 49F5ADF41CF97CFC0038D206 /* img4.JPG */; };
		49F5ADF71CF97D080038D206 /* img3.JPG in Resources */ = {isa = PBXBuildFile; fileRef = 49F5ADF61CF97D080038D206 /* img3.JPG */; };
		49F5ADF91CF97D130038D206 /* img2.JPG in Resources */ = {isa = PBXBuildFile; fileRef = 49F5ADF81CF97D130038D206 /* img2.JPG */; };
		49F5ADFB1CF97D1C0038D206 /* img1.JPG in Resources */ = {isa = PBXBuildFile; fileRef = 49F5ADFA1CF97D1C0038D206 /* img1.JPG */; };
		49F5ADFD1CF97D2A0038D206 /* img0.JPG in Resources */ = {isa = PBXBuildFile; fileRef = 49F5ADFC1CF97D2A0038D206 /* img0.JPG */; };
		49F5ADFF1CF989C20038D206 /* SubViewController.swift in Sources */ = {isa = PBXBuildFile; fileRef = 49F5ADFE1CF989C20038D206 /* SubViewController.swift */; };
/* End PBXBuildFile section */

/* Begin PBXContainerItemProxy section */
		49E377991CF96A15002F33BE /* PBXContainerItemProxy */ = {
			isa = PBXContainerItemProxy;
			containerPortal = 49E3777C1CF96A14002F33BE /* Project object */;
			proxyType = 1;
			remoteGlobalIDString = 49E377831CF96A14002F33BE;
			remoteInfo = test1;
		};
		49E377A41CF96A15002F33BE /* PBXContainerItemProxy */ = {
			isa = PBXContainerItemProxy;
			containerPortal = 49E3777C1CF96A14002F33BE /* Project object */;
			proxyType = 1;
			remoteGlobalIDString = 49E377831CF96A14002F33BE;
			remoteInfo = test1;
		};
/* End PBXContainerItemProxy section */

/* Begin PBXFileReference section */
		49E377841CF96A14002F33BE /* test1.app */ = {isa = PBXFileReference; explicitFileType = wrapper.application; includeInIndex = 0; path = test1.app; sourceTree = BUILT_PRODUCTS_DIR; };
		49E377871CF96A14002F33BE /* AppDelegate.swift */ = {isa = PBXFileReference; lastKnownFileType = sourcecode.swift; path = AppDelegate.swift; sourceTree = "<group>"; };
		49E377891CF96A14002F33BE /* ViewController.swift */ = {isa = PBXFileReference; lastKnownFileType = sourcecode.swift; path = ViewController.swift; sourceTree = "<group>"; };
		49E3778C1CF96A14002F33BE /* Base */ = {isa = PBXFileReference; lastKnownFileType = file.storyboard; name = Base; path = Base.lproj/Main.storyboard; sourceTree = "<group>"; };
		49E3778E1CF96A14002F33BE /* Assets.xcassets */ = {isa = PBXFileReference; lastKnownFileType = folder.assetcatalog; path = Assets.xcassets; sourceTree = "<group>"; };
		49E377931CF96A15002F33BE /* Info.plist */ = {isa = PBXFileReference; lastKnownFileType = text.plist.xml; path = Info.plist; sourceTree = "<group>"; };
		49E377981CF96A15002F33BE /* test1Tests.xctest */ = {isa = PBXFileReference; explicitFileType = wrapper.cfbundle; includeInIndex = 0; path = test1Tests.xctest; sourceTree = BUILT_PRODUCTS_DIR; };
		49E3779C1CF96A15002F33BE /* test1Tests.swift */ = {isa = PBXFileReference; lastKnownFileType = sourcecode.swift; path = test1Tests.swift; sourceTree = "<group>"; };
		49E3779E1CF96A15002F33BE /* Info.plist */ = {isa = PBXFileReference; lastKnownFileType = text.plist.xml; path = Info.plist; sourceTree = "<group>"; };
		49E377A31CF96A15002F33BE /* test1UITests.xctest */ = {isa = PBXFileReference; explicitFileType = wrapper.cfbundle; includeInIndex = 0; path = test1UITests.xctest; sourceTree = BUILT_PRODUCTS_DIR; };
		49E377A71CF96A15002F33BE /* test1UITests.swift */ = {isa = PBXFileReference; lastKnownFileType = sourcecode.swift; path = test1UITests.swift; sourceTree = "<group>"; };
		49E377A91CF96A15002F33BE /* Info.plist */ = {isa = PBXFileReference; lastKnownFileType = text.plist.xml; path = Info.plist; sourceTree = "<group>"; };
		49F5ADEE1CF97CA50038D206 /* img7.JPG */ = {isa = PBXFileReference; lastKnownFileType = image.jpeg; name = img7.JPG; path = ../../img7.JPG; sourceTree = "<group>"; };
		49F5ADF01CF97CE70038D206 /* img6.JPG */ = {isa = PBXFileReference; lastKnownFileType = image.jpeg; name = img6.JPG; path = ../../img6.JPG; sourceTree = "<group>"; };
		49F5ADF21CF97CF20038D206 /* img5.JPG */ = {isa = PBXFileReference; lastKnownFileType = image.jpeg; name = img5.JPG; path = ../../img5.JPG; sourceTree = "<group>"; };
		49F5ADF41CF97CFC0038D206 /* img4.JPG */ = {isa = PBXFileReference; lastKnownFileType = image.jpeg; name = img4.JPG; path = ../../img4.JPG; sourceTree = "<group>"; };
		49F5ADF61CF97D080038D206 /* img3.JPG */ = {isa = PBXFileReference; lastKnownFileType = image.jpeg; name = img3.JPG; path = ../../img3.JPG; sourceTree = "<group>"; };
		49F5ADF81CF97D130038D206 /* img2.JPG */ = {isa = PBXFileReference; lastKnownFileType = image.jpeg; name = img2.JPG; path = ../../img2.JPG; sourceTree = "<group>"; };
		49F5ADFA1CF97D1C0038D206 /* img1.JPG */ = {isa = PBXFileReference; lastKnownFileType = image.jpeg; name = img1.JPG; path = ../../img1.JPG; sourceTree = "<group>"; };
		49F5ADFC1CF97D2A0038D206 /* img0.JPG */ = {isa = PBXFileReference; lastKnownFileType = image.jpeg; name = img0.JPG; path = ../../img0.JPG; sourceTree = "<group>"; };
		49F5ADFE1CF989C20038D206 /* SubViewController.swift */ = {isa = PBXFileReference; fileEncoding = 4; lastKnownFileType = sourcecode.swift; name = SubViewController.swift; path = ../SubViewController.swift; sourceTree = "<group>"; };
/* End PBXFileReference section */

/* Begin PBXFrameworksBuildPhase section */
		49E377811CF96A14002F33BE /* Frameworks */ = {
			isa = PBXFrameworksBuildPhase;
			buildActionMask = 2147483647;
			files = (
			);
			runOnlyForDeploymentPostprocessing = 0;
		};
		49E377951CF96A15002F33BE /* Frameworks */ = {
			isa = PBXFrameworksBuildPhase;
			buildActionMask = 2147483647;
			files = (
			);
			runOnlyForDeploymentPostprocessing = 0;
		};
		49E377A01CF96A15002F33BE /* Frameworks */ = {
			isa = PBXFrameworksBuildPhase;
			buildActionMask = 2147483647;
			files = (
			);
			runOnlyForDeploymentPostprocessing = 0;
		};
/* End PBXFrameworksBuildPhase section */

/* Begin PBXGroup section */
		49E3777B1CF96A14002F33BE = {
			isa = PBXGroup;
			children = (
				49E377861CF96A14002F33BE /* test1 */,
				49E3779B1CF96A15002F33BE /* test1Tests */,
				49E377A61CF96A15002F33BE /* test1UITests */,
				49E377851CF96A14002F33BE /* Products */,
			);
			sourceTree = "<group>";
		};
		49E377851CF96A14002F33BE /* Products */ = {
			isa = PBXGroup;
			children = (
				49E377841CF96A14002F33BE /* test1.app */,
				49E377981CF96A15002F33BE /* test1Tests.xctest */,
				49E377A31CF96A15002F33BE /* test1UITests.xctest */,
			);
			name = Products;
			sourceTree = "<group>";
		};
		49E377861CF96A14002F33BE /* test1 */ = {
			isa = PBXGroup;
			children = (
				49F5ADFC1CF97D2A0038D206 /* img0.JPG */,
				49F5ADFA1CF97D1C0038D206 /* img1.JPG */,
				49F5ADF81CF97D130038D206 /* img2.JPG */,
				49F5ADF61CF97D080038D206 /* img3.JPG */,
				49F5ADF41CF97CFC0038D206 /* img4.JPG */,
				49F5ADF21CF97CF20038D206 /* img5.JPG */,
				49F5ADF01CF97CE70038D206 /* img6.JPG */,
				49F5ADEE1CF97CA50038D206 /* img7.JPG */,
				49E377871CF96A14002F33BE /* AppDelegate.swift */,
				49F5ADFE1CF989C20038D206 /* SubViewController.swift */,
				49E377891CF96A14002F33BE /* ViewController.swift */,
				49E3778B1CF96A14002F33BE /* Main.storyboard */,
				49E3778E1CF96A14002F33BE /* Assets.xcassets */,
				49E377931CF96A15002F33BE /* Info.plist */,
			);
			path = test1;
			sourceTree = "<group>";
		};
		49E3779B1CF96A15002F33BE /* test1Tests */ = {
			isa = PBXGroup;
			children = (
				49E3779C1CF96A15002F33BE /* test1Tests.swift */,
				49E3779E1CF96A15002F33BE /* Info.plist */,
			);
			path = test1Tests;
			sourceTree = "<group>";
		};
		49E377A61CF96A15002F33BE /* test1UITests */ = {
			isa = PBXGroup;
			children = (
				49E377A71CF96A15002F33BE /* test1UITests.swift */,
				49E377A91CF96A15002F33BE /* Info.plist */,
			);
			path = test1UITests;
			sourceTree = "<group>";
		};
/* End PBXGroup section */

/* Begin PBXNativeTarget section */
		49E377831CF96A14002F33BE /* test1 */ = {
			isa = PBXNativeTarget;
			buildConfigurationList = 49E377AC1CF96A15002F33BE /* Build configuration list for PBXNativeTarget "test1" */;
			buildPhases = (
				49E377801CF96A14002F33BE /* Sources */,
				49E377811CF96A14002F33BE /* Frameworks */,
				49E377821CF96A14002F33BE /* Resources */,
			);
			buildRules = (
			);
			dependencies = (
			);
			name = test1;
			productName = test1;
			productReference = 49E377841CF96A14002F33BE /* test1.app */;
			productType = "com.apple.product-type.application";
		};
		49E377971CF96A15002F33BE /* test1Tests */ = {
			isa = PBXNativeTarget;
			buildConfigurationList = 49E377AF1CF96A15002F33BE /* Build configuration list for PBXNativeTarget "test1Tests" */;
			buildPhases = (
				49E377941CF96A15002F33BE /* Sources */,
				49E377951CF96A15002F33BE /* Frameworks */,
				49E377961CF96A15002F33BE /* Resources */,
			);
			buildRules = (
			);
			dependencies = (
				49E3779A1CF96A15002F33BE /* PBXTargetDependency */,
			);
			name = test1Tests;
			productName = test1Tests;
			productReference = 49E377981CF96A15002F33BE /* test1Tests.xctest */;
			productType = "com.apple.product-type.bundle.unit-test";
		};
		49E377A21CF96A15002F33BE /* test1UITests */ = {
			isa = PBXNativeTarget;
			buildConfigurationList = 49E377B21CF96A15002F33BE /* Build configuration list for PBXNativeTarget "test1UITests" */;
			buildPhases = (
				49E3779F1CF96A15002F33BE /* Sources */,
				49E377A01CF96A15002F33BE /* Frameworks */,
				49E377A11CF96A15002F33BE /* Resources */,
			);
			buildRules = (
			);
			dependencies = (
				49E377A51CF96A15002F33BE /* PBXTargetDependency */,
			);
			name = test1UITests;
			productName = test1UITests;
			productReference = 49E377A31CF96A15002F33BE /* test1UITests.xctest */;
			productType = "com.apple.product-type.bundle.ui-testing";
		};
/* End PBXNativeTarget section */

/* Begin PBXProject section */
		49E3777C1CF96A14002F33BE /* Project object */ = {
			isa = PBXProject;
			attributes = {
				LastSwiftUpdateCheck = 0730;
				LastUpgradeCheck = 0730;
				ORGANIZATIONNAME = "Keigo Ota";
				TargetAttributes = {
					49E377831CF96A14002F33BE = {
						CreatedOnToolsVersion = 7.3.1;
					};
					49E377971CF96A15002F33BE = {
						CreatedOnToolsVersion = 7.3.1;
						TestTargetID = 49E377831CF96A14002F33BE;
					};
					49E377A21CF96A15002F33BE = {
						CreatedOnToolsVersion = 7.3.1;
						TestTargetID = 49E377831CF96A14002F33BE;
					};
				};
			};
			buildConfigurationList = 49E3777F1CF96A14002F33BE /* Build configuration list for PBXProject "test1" */;
			compatibilityVersion = "Xcode 3.2";
			developmentRegion = English;
			hasScannedForEncodings = 0;
			knownRegions = (
				en,
				Base,
			);
			mainGroup = 49E3777B1CF96A14002F33BE;
			productRefGroup = 49E377851CF96A14002F33BE /* Products */;
			projectDirPath = "";
			projectRoot = "";
			targets = (
				49E377831CF96A14002F33BE /* test1 */,
				49E377971CF96A15002F33BE /* test1Tests */,
				49E377A21CF96A15002F33BE /* test1UITests */,
			);
		};
/* End PBXProject section */

/* Begin PBXResourcesBuildPhase section */
		49E377821CF96A14002F33BE /* Resources */ = {
			isa = PBXResourcesBuildPhase;
			buildActionMask = 2147483647;
			files = (
				49F5ADF71CF97D080038D206 /* img3.JPG in Resources */,
				49E3778F1CF96A14002F33BE /* Assets.xcassets in Resources */,
				49F5ADEF1CF97CA50038D206 /* img7.JPG in Resources */,
				49F5ADFD1CF97D2A0038D206 /* img0.JPG in Resources */,
				49E3778D1CF96A14002F33BE /* Main.storyboard in Resources */,
				49F5ADF91CF97D130038D206 /* img2.JPG in Resources */,
				49F5ADFB1CF97D1C0038D206 /* img1.JPG in Resources */,
				49F5ADF11CF97CE70038D206 /* img6.JPG in Resources */,
				49F5ADF51CF97CFC0038D206 /* img4.JPG in Resources */,
				49F5ADF31CF97CF20038D206 /* img5.JPG in Resources */,
			);
			runOnlyForDeploymentPostprocessing = 0;
		};
		49E377961CF96A15002F33BE /* Resources */ = {
			isa = PBXResourcesBuildPhase;
			buildActionMask = 2147483647;
			files = (
			);
			runOnlyForDeploymentPostprocessing = 0;
		};
		49E377A11CF96A15002F33BE /* Resources */ = {
			isa = PBXResourcesBuildPhase;
			buildActionMask = 2147483647;
			files = (
			);
			runOnlyForDeploymentPostprocessing = 0;
		};
/* End PBXResourcesBuildPhase section */

/* Begin PBXSourcesBuildPhase section */
		49E377801CF96A14002F33BE /* Sources */ = {
			isa = PBXSourcesBuildPhase;
			buildActionMask = 2147483647;
			files = (
				49E3778A1CF96A14002F33BE /* ViewController.swift in Sources */,
				49F5ADFF1CF989C20038D206 /* SubViewController.swift in Sources */,
				49E377881CF96A14002F33BE /* AppDelegate.swift in Sources */,
			);
			runOnlyForDeploymentPostprocessing = 0;
		};
		49E377941CF96A15002F33BE /* Sources */ = {
			isa = PBXSourcesBuildPhase;
			buildActionMask = 2147483647;
			files = (
				49E3779D1CF96A15002F33BE /* test1Tests.swift in Sources */,
			);
			runOnlyForDeploymentPostprocessing = 0;
		};
		49E3779F1CF96A15002F33BE /* Sources */ = {
			isa = PBXSourcesBuildPhase;
			buildActionMask = 2147483647;
			files = (
				49E377A81CF96A15002F33BE /* test1UITests.swift in Sources */,
			);
			runOnlyForDeploymentPostprocessing = 0;
		};
/* End PBXSourcesBuildPhase section */

/* Begin PBXTargetDependency section */
		49E3779A1CF96A15002F33BE /* PBXTargetDependency */ = {
			isa = PBXTargetDependency;
			target = 49E377831CF96A14002F33BE /* test1 */;
			targetProxy = 49E377991CF96A15002F33BE /* PBXContainerItemProxy */;
		};
		49E377A51CF96A15002F33BE /* PBXTargetDependency */ = {
			isa = PBXTargetDependency;
			target = 49E377831CF96A14002F33BE /* test1 */;
			targetProxy = 49E377A41CF96A15002F33BE /* PBXContainerItemProxy */;
		};
/* End PBXTargetDependency section */

/* Begin PBXVariantGroup section */
		49E3778B1CF96A14002F33BE /* Main.storyboard */ = {
			isa = PBXVariantGroup;
			children = (
				49E3778C1CF96A14002F33BE /* Base */,
			);
			name = Main.storyboard;
			sourceTree = "<group>";
		};
/* End PBXVariantGroup section */

/* Begin XCBuildConfiguration section */
		49E377AA1CF96A15002F33BE /* Debug */ = {
			isa = XCBuildConfiguration;
			buildSettings = {
				ALWAYS_SEARCH_USER_PATHS = NO;
				CLANG_ANALYZER_NONNULL = YES;
				CLANG_CXX_LANGUAGE_STANDARD = "gnu++0x";
				CLANG_CXX_LIBRARY = "libc++";
				CLANG_ENABLE_MODULES = YES;
				CLANG_ENABLE_OBJC_ARC = YES;
				CLANG_WARN_BOOL_CONVERSION = YES;
				CLANG_WARN_CONSTANT_CONVERSION = YES;
				CLANG_WARN_DIRECT_OBJC_ISA_USAGE = YES_ERROR;
				CLANG_WARN_EMPTY_BODY = YES;
				CLANG_WARN_ENUM_CONVERSION = YES;
				CLANG_WARN_INT_CONVERSION = YES;
				CLANG_WARN_OBJC_ROOT_CLASS = YES_ERROR;
				CLANG_WARN_UNREACHABLE_CODE = YES;
				CLANG_WARN__DUPLICATE_METHOD_MATCH = YES;
				"CODE_SIGN_IDENTITY[sdk=iphoneos*]" = "iPhone Developer";
				COPY_PHASE_STRIP = NO;
				DEBUG_INFORMATION_FORMAT = dwarf;
				ENABLE_STRICT_OBJC_MSGSEND = YES;
				ENABLE_TESTABILITY = YES;
				GCC_C_LANGUAGE_STANDARD = gnu99;
				GCC_DYNAMIC_NO_PIC = NO;
				GCC_NO_COMMON_BLOCKS = YES;
				GCC_OPTIMIZATION_LEVEL = 0;
				GCC_PREPROCESSOR_DEFINITIONS = (
					"DEBUG=1",
					"$(inherited)",
				);
				GCC_WARN_64_TO_32_BIT_CONVERSION = YES;
				GCC_WARN_ABOUT_RETURN_TYPE = YES_ERROR;
				GCC_WARN_UNDECLARED_SELECTOR = YES;
				GCC_WARN_UNINITIALIZED_AUTOS = YES_AGGRESSIVE;
				GCC_WARN_UNUSED_FUNCTION = YES;
				GCC_WARN_UNUSED_VARIABLE = YES;
				IPHONEOS_DEPLOYMENT_TARGET = 9.3;
				MTL_ENABLE_DEBUG_INFO = YES;
				ONLY_ACTIVE_ARCH = YES;
				SDKROOT = iphoneos;
				SWIFT_OPTIMIZATION_LEVEL = "-Onone";
				TARGETED_DEVICE_FAMILY = "1,2";
			};
			name = Debug;
		};
		49E377AB1CF96A15002F33BE /* Release */ = {
			isa = XCBuildConfiguration;
			buildSettings = {
				ALWAYS_SEARCH_USER_PATHS = NO;
				CLANG_ANALYZER_NONNULL = YES;
				CLANG_CXX_LANGUAGE_STANDARD = "gnu++0x";
				CLANG_CXX_LIBRARY = "libc++";
				CLANG_ENABLE_MODULES = YES;
				CLANG_ENABLE_OBJC_ARC = YES;
				CLANG_WARN_BOOL_CONVERSION = YES;
				CLANG_WARN_CONSTANT_CONVERSION = YES;
				CLANG_WARN_DIRECT_OBJC_ISA_USAGE = YES_ERROR;
				CLANG_WARN_EMPTY_BODY = YES;
				CLANG_WARN_ENUM_CONVERSION = YES;
				CLANG_WARN_INT_CONVERSION = YES;
				CLANG_WARN_OBJC_ROOT_CLASS = YES_ERROR;
				CLANG_WARN_UNREACHABLE_CODE = YES;
				CLANG_WARN__DUPLICATE_METHOD_MATCH = YES;
				"CODE_SIGN_IDENTITY[sdk=iphoneos*]" = "iPhone Developer";
				COPY_PHASE_STRIP = NO;
				DEBUG_INFORMATION_FORMAT = "dwarf-with-dsym";
				ENABLE_NS_ASSERTIONS = NO;
				ENABLE_STRICT_OBJC_MSGSEND = YES;
				GCC_C_LANGUAGE_STANDARD = gnu99;
				GCC_NO_COMMON_BLOCKS = YES;
				GCC_WARN_64_TO_32_BIT_CONVERSION = YES;
				GCC_WARN_ABOUT_RETURN_TYPE = YES_ERROR;
				GCC_WARN_UNDECLARED_SELECTOR = YES;
				GCC_WARN_UNINITIALIZED_AUTOS = YES_AGGRESSIVE;
				GCC_WARN_UNUSED_FUNCTION = YES;
				GCC_WARN_UNUSED_VARIABLE = YES;
				IPHONEOS_DEPLOYMENT_TARGET = 9.3;
				MTL_ENABLE_DEBUG_INFO = NO;
				SDKROOT = iphoneos;
				TARGETED_DEVICE_FAMILY = "1,2";
				VALIDATE_PRODUCT = YES;
			};
			name = Release;
		};
		49E377AD1CF96A15002F33BE /* Debug */ = {
			isa = XCBuildConfiguration;
			buildSettings = {
				ASSETCATALOG_COMPILER_APPICON_NAME = AppIcon;
				CODE_SIGN_IDENTITY = "iPhone Developer";
				INFOPLIST_FILE = test1/Info.plist;
				LD_RUNPATH_SEARCH_PATHS = "$(inherited) @executable_path/Frameworks";
				PRODUCT_BUNDLE_IDENTIFIER = "-11.test1";
				PRODUCT_NAME = "$(TARGET_NAME)";
			};
			name = Debug;
		};
		49E377AE1CF96A15002F33BE /* Release */ = {
			isa = XCBuildConfiguration;
			buildSettings = {
				ASSETCATALOG_COMPILER_APPICON_NAME = AppIcon;
				CODE_SIGN_IDENTITY = "iPhone Developer";
				INFOPLIST_FILE = test1/Info.plist;
				LD_RUNPATH_SEARCH_PATHS = "$(inherited) @executable_path/Frameworks";
				PRODUCT_BUNDLE_IDENTIFIER = "-11.test1";
				PRODUCT_NAME = "$(TARGET_NAME)";
			};
			name = Release;
		};
		49E377B01CF96A15002F33BE /* Debug */ = {
			isa = XCBuildConfiguration;
			buildSettings = {
				BUNDLE_LOADER = "$(TEST_HOST)";
				INFOPLIST_FILE = test1Tests/Info.plist;
				LD_RUNPATH_SEARCH_PATHS = "$(inherited) @executable_path/Frameworks @loader_path/Frameworks";
				PRODUCT_BUNDLE_IDENTIFIER = "-11.test1Tests";
				PRODUCT_NAME = "$(TARGET_NAME)";
				TEST_HOST = "$(BUILT_PRODUCTS_DIR)/test1.app/test1";
			};
			name = Debug;
		};
		49E377B11CF96A15002F33BE /* Release */ = {
			isa = XCBuildConfiguration;
			buildSettings = {
				BUNDLE_LOADER = "$(TEST_HOST)";
				INFOPLIST_FILE = test1Tests/Info.plist;
				LD_RUNPATH_SEARCH_PATHS = "$(inherited) @executable_path/Frameworks @loader_path/Frameworks";
				PRODUCT_BUNDLE_IDENTIFIER = "-11.test1Tests";
				PRODUCT_NAME = "$(TARGET_NAME)";
				TEST_HOST = "$(BUILT_PRODUCTS_DIR)/test1.app/test1";
			};
			name = Release;
		};
		49E377B31CF96A15002F33BE /* Debug */ = {
			isa = XCBuildConfiguration;
			buildSettings = {
				INFOPLIST_FILE = test1UITests/Info.plist;
				LD_RUNPATH_SEARCH_PATHS = "$(inherited) @executable_path/Frameworks @loader_path/Frameworks";
				PRODUCT_BUNDLE_IDENTIFIER = "-11.test1UITests";
				PRODUCT_NAME = "$(TARGET_NAME)";
				TEST_TARGET_NAME = test1;
			};
			name = Debug;
		};
		49E377B41CF96A15002F33BE /* Release */ = {
			isa = XCBuildConfiguration;
			buildSettings = {
				INFOPLIST_FILE = test1UITests/Info.plist;
				LD_RUNPATH_SEARCH_PATHS = "$(inherited) @executable_path/Frameworks @loader_path/Frameworks";
				PRODUCT_BUNDLE_IDENTIFIER = "-11.test1UITests";
				PRODUCT_NAME = "$(TARGET_NAME)";
				TEST_TARGET_NAME = test1;
			};
			name = Release;
		};
/* End XCBuildConfiguration section */

/* Begin XCConfigurationList section */
		49E3777F1CF96A14002F33BE /* Build configuration list for PBXProject "test1" */ = {
			isa = XCConfigurationList;
			buildConfigurations = (
				49E377AA1CF96A15002F33BE /* Debug */,
				49E377AB1CF96A15002F33BE /* Release */,
			);
			defaultConfigurationIsVisible = 0;
			defaultConfigurationName = Release;
		};
		49E377AC1CF96A15002F33BE /* Build configuration list for PBXNativeTarget "test1" */ = {
			isa = XCConfigurationList;
			buildConfigurations = (
				49E377AD1CF96A15002F33BE /* Debug */,
				49E377AE1CF96A15002F33BE /* Release */,
			);
			defaultConfigurationIsVisible = 0;
			defaultConfigurationName = Release;
		};
		49E377AF1CF96A15002F33BE /* Build configuration list for PBXNativeTarget "test1Tests" */ = {
			isa = XCConfigurationList;
			buildConfigurations = (
				49E377B01CF96A15002F33BE /* Debug */,
				49E377B11CF96A15002F33BE /* Release */,
			);
			defaultConfigurationIsVisible = 0;
			defaultConfigurationName = Release;
		};
		49E377B21CF96A15002F33BE /* Build configuration list for PBXNativeTarget "test1UITests" */ = {
			isa = XCConfigurationList;
			buildConfigurations = (
				49E377B31CF96A15002F33BE /* Debug */,
				49E377B41CF96A15002F33BE /* Release */,
			);
			defaultConfigurationIsVisible = 0;
			defaultConfigurationName = Release;
		};
/* End XCConfigurationList section */
	};
	rootObject = 49E3777C1CF96A14002F33BE /* Project object */;
}
